
Microsoft Visual Studio Solution File, Format Version 12.00
# Visual Studio Version 17
VisualStudioVersion = 17.3.32922.545
MinimumVisualStudioVersion = 10.0.40219.1
Project("{9A19103F-16F7-4668-BE54-9A1E7A4F7556}") = "InfoTecs.Api", "InfoTecs.Api\InfoTecs.Api.csproj", "{07F7C963-EE11-43C2-8914-0D439E55D4B6}"
EndProject
Project("{9A19103F-16F7-4668-BE54-9A1E7A4F7556}") = "InfoTecs.DAL", "InfoTecs.DAL\InfoTecs.DAL.csproj", "{28105B93-F489-444E-A736-A73ACFF78D77}"
EndProject
Project("{9A19103F-16F7-4668-BE54-9A1E7A4F7556}") = "InfoTecs.BLL.Tests", "InfoTecs.BLL.Tests\InfoTecs.BLL.Tests.csproj", "{F97924AF-A41C-46E5-B604-4495BF1D8030}"
EndProject
Project("{9A19103F-16F7-4668-BE54-9A1E7A4F7556}") = "InfoTecs.BLL", "InfoTecs.BLL\InfoTecs.BLL.csproj", "{990246FC-BDDC-4591-BECD-5ECDC692941B}"
EndProject
Project("{9A19103F-16F7-4668-BE54-9A1E7A4F7556}") = "InfoTecs.DAL.Tests", "InfoTecs.DAL.Tests\InfoTecs.DAL.Tests.csproj", "{33E0AA5A-14FD-456F-A59D-925FB90AAF85}"
EndProject
Project("{9A19103F-16F7-4668-BE54-9A1E7A4F7556}") = "InfoTecs.Api.Tests", "InfoTecs.Api.Tests\InfoTecs.Api.Tests.csproj", "{7BEEAA43-4E74-4652-9B2E-8590B6F1C158}"
EndProject
Global
	GlobalSection(SolutionConfigurationPlatforms) = preSolution
		Debug|Any CPU = Debug|Any CPU
		Release|Any CPU = Release|Any CPU
	EndGlobalSection
	GlobalSection(ProjectConfigurationPlatforms) = postSolution
		{07F7C963-EE11-43C2-8914-0D439E55D4B6}.Debug|Any CPU.ActiveCfg = Debug|Any CPU
		{07F7C963-EE11-43C2-8914-0D439E55D4B6}.Debug|Any CPU.Build.0 = Debug|Any CPU
		{07F7C963-EE11-43C2-8914-0D439E55D4B6}.Release|Any CPU.ActiveCfg = Release|Any CPU
		{07F7C963-EE11-43C2-8914-0D439E55D4B6}.Release|Any CPU.Build.0 = Release|Any CPU
		{28105B93-F489-444E-A736-A73ACFF78D77}.Debug|Any CPU.ActiveCfg = Debug|Any CPU
		{28105B93-F489-444E-A736-A73ACFF78D77}.Debug|Any CPU.Build.0 = Debug|Any CPU
		{28105B93-F489-444E-A736-A73ACFF78D77}.Release|Any CPU.ActiveCfg = Release|Any CPU
		{28105B93-F489-444E-A736-A73ACFF78D77}.Release|Any CPU.Build.0 = Release|Any CPU
		{F97924AF-A41C-46E5-B604-4495BF1D8030}.Debug|Any CPU.ActiveCfg = Debug|Any CPU
		{F97924AF-A41C-46E5-B604-4495BF1D8030}.Debug|Any CPU.Build.0 = Debug|Any CPU
		{F97924AF-A41C-46E5-B604-4495BF1D8030}.Release|Any CPU.ActiveCfg = Release|Any CPU
		{F97924AF-A41C-46E5-B604-4495BF1D8030}.Release|Any CPU.Build.0 = Release|Any CPU
		{990246FC-BDDC-4591-BECD-5ECDC692941B}.Debug|Any CPU.ActiveCfg = Debug|Any CPU
		{990246FC-BDDC-4591-BECD-5ECDC692941B}.Debug|Any CPU.Build.0 = Debug|Any CPU
		{990246FC-BDDC-4591-BECD-5ECDC692941B}.Release|Any CPU.ActiveCfg = Release|Any CPU
		{990246FC-BDDC-4591-BECD-5ECDC692941B}.Release|Any CPU.Build.0 = Release|Any CPU
		{33E0AA5A-14FD-456F-A59D-925FB90AAF85}.Debug|Any CPU.ActiveCfg = Debug|Any CPU
		{33E0AA5A-14FD-456F-A59D-925FB90AAF85}.Debug|Any CPU.Build.0 = Debug|Any CPU
		{33E0AA5A-14FD-456F-A59D-925FB90AAF85}.Release|Any CPU.ActiveCfg = Release|Any CPU
		{33E0AA5A-14FD-456F-A59D-925FB90AAF85}.Release|Any CPU.Build.0 = Release|Any CPU
		{7BEEAA43-4E74-4652-9B2E-8590B6F1C158}.Debug|Any CPU.ActiveCfg = Debug|Any CPU
		{7BEEAA43-4E74-4652-9B2E-8590B6F1C158}.Debug|Any CPU.Build.0 = Debug|Any CPU
		{7BEEAA43-4E74-4652-9B2E-8590B6F1C158}.Release|Any CPU.ActiveCfg = Release|Any CPU
		{7BEEAA43-4E74-4652-9B2E-8590B6F1C158}.Release|Any CPU.Build.0 = Release|Any CPU
	EndGlobalSection
	GlobalSection(SolutionProperties) = preSolution
		HideSolutionNode = FALSE
	EndGlobalSection
	GlobalSection(ExtensibilityGlobals) = postSolution
		SolutionGuid = {53084C35-838E-4901-9991-4B9B4C9387A6}
	EndGlobalSection
EndGlobal
